
Microsoft Visual Studio Solution File, Format Version 12.00
# Visual Studio Version 17
VisualStudioVersion = 17.0.31903.59
MinimumVisualStudioVersion = 10.0.40219.1
Project("{2150E333-8FDC-42A3-9474-1A3956D46DE8}") = "src", "src", "{827E0CD3-B72D-47B6-A68D-7590B98EB39B}"
EndProject
Project("{FAE04EC0-301F-11D3-BF4B-00C04F79EFBC}") = "AzureTcoCalculator.Companion", "src\AzureTcoCalculator.Companion\AzureTcoCalculator.Companion.csproj", "{EE86D719-AB71-4BD0-971D-7333E830647C}"
EndProject
Project("{2150E333-8FDC-42A3-9474-1A3956D46DE8}") = "tests", "tests", "{0AB3BF05-4346-4AA6-1389-037BE0695223}"
EndProject
Project("{FAE04EC0-301F-11D3-BF4B-00C04F79EFBC}") = "AzureTcoCalculator.Companion.UnitTests", "tests\AzureTcoCalculator.Companion.UnitTests\AzureTcoCalculator.Companion.UnitTests.csproj", "{03464313-DE24-450D-A752-EA3E892B36FF}"
EndProject
Global
	GlobalSection(SolutionConfigurationPlatforms) = preSolution
		Debug|Any CPU = Debug|Any CPU
		Debug|x64 = Debug|x64
		Debug|x86 = Debug|x86
		Release|Any CPU = Release|Any CPU
		Release|x64 = Release|x64
		Release|x86 = Release|x86
	EndGlobalSection
	GlobalSection(ProjectConfigurationPlatforms) = postSolution
		{EE86D719-AB71-4BD0-971D-7333E830647C}.Debug|Any CPU.ActiveCfg = Debug|Any CPU
		{EE86D719-AB71-4BD0-971D-7333E830647C}.Debug|Any CPU.Build.0 = Debug|Any CPU
		{EE86D719-AB71-4BD0-971D-7333E830647C}.Debug|x64.ActiveCfg = Debug|Any CPU
		{EE86D719-AB71-4BD0-971D-7333E830647C}.Debug|x64.Build.0 = Debug|Any CPU
		{EE86D719-AB71-4BD0-971D-7333E830647C}.Debug|x86.ActiveCfg = Debug|Any CPU
		{EE86D719-AB71-4BD0-971D-7333E830647C}.Debug|x86.Build.0 = Debug|Any CPU
		{EE86D719-AB71-4BD0-971D-7333E830647C}.Release|Any CPU.ActiveCfg = Release|Any CPU
		{EE86D719-AB71-4BD0-971D-7333E830647C}.Release|Any CPU.Build.0 = Release|Any CPU
		{EE86D719-AB71-4BD0-971D-7333E830647C}.Release|x64.ActiveCfg = Release|Any CPU
		{EE86D719-AB71-4BD0-971D-7333E830647C}.Release|x64.Build.0 = Release|Any CPU
		{EE86D719-AB71-4BD0-971D-7333E830647C}.Release|x86.ActiveCfg = Release|Any CPU
		{EE86D719-AB71-4BD0-971D-7333E830647C}.Release|x86.Build.0 = Release|Any CPU
		{03464313-DE24-450D-A752-EA3E892B36FF}.Debug|Any CPU.ActiveCfg = Debug|Any CPU
		{03464313-DE24-450D-A752-EA3E892B36FF}.Debug|Any CPU.Build.0 = Debug|Any CPU
		{03464313-DE24-450D-A752-EA3E892B36FF}.Debug|x64.ActiveCfg = Debug|Any CPU
		{03464313-DE24-450D-A752-EA3E892B36FF}.Debug|x64.Build.0 = Debug|Any CPU
		{03464313-DE24-450D-A752-EA3E892B36FF}.Debug|x86.ActiveCfg = Debug|Any CPU
		{03464313-DE24-450D-A752-EA3E892B36FF}.Debug|x86.Build.0 = Debug|Any CPU
		{03464313-DE24-450D-A752-EA3E892B36FF}.Release|Any CPU.ActiveCfg = Release|Any CPU
		{03464313-DE24-450D-A752-EA3E892B36FF}.Release|Any CPU.Build.0 = Release|Any CPU
		{03464313-DE24-450D-A752-EA3E892B36FF}.Release|x64.ActiveCfg = Release|Any CPU
		{03464313-DE24-450D-A752-EA3E892B36FF}.Release|x64.Build.0 = Release|Any CPU
		{03464313-DE24-450D-A752-EA3E892B36FF}.Release|x86.ActiveCfg = Release|Any CPU
		{03464313-DE24-450D-A752-EA3E892B36FF}.Release|x86.Build.0 = Release|Any CPU
	EndGlobalSection
	GlobalSection(SolutionProperties) = preSolution
		HideSolutionNode = FALSE
	EndGlobalSection
	GlobalSection(NestedProjects) = preSolution
		{EE86D719-AB71-4BD0-971D-7333E830647C} = {827E0CD3-B72D-47B6-A68D-7590B98EB39B}
		{03464313-DE24-450D-A752-EA3E892B36FF} = {0AB3BF05-4346-4AA6-1389-037BE0695223}
	EndGlobalSection
EndGlobal
